github.com/evmi-cloud/go-evm-indexer v0.0.0-20260722101628-ae612b27f528 h1:c3DVyyFa+Y60bGnQQEpgxnDcAw+bDDQrGufQAE32FvM=
github.com/evmi-cloud/go-evm-indexer v0.0.0-20260722101628-ae612b27f528/go.mod h1:yet6shmLGuHZUi38+kau2bB1OD7oNTrJQyvg7342dFw=
github.com/lib/pq v1.10.9 h1:YXG7RB+JIjhP29X+OtkiDnYaXQwpS4JEWq7dtCCRUEw=
github.com/lib/pq v1.10.9/go.mod h1:AlVN5x4E4T544tWzH6hKfbfQvm3HdbOxrmggDNAPY9o=
