github.com/evmi-cloud/go-evm-indexer v0.0.0-20260727172431-2bc47ffefde5 h1:T87vIxPUd3O02qO7hLsfDU7+3uk3mlNDRz7gEGZl3xc=
github.com/evmi-cloud/go-evm-indexer v0.0.0-20260727172431-2bc47ffefde5/go.mod h1:yet6shmLGuHZUi38+kau2bB1OD7oNTrJQyvg7342dFw=
github.com/lib/pq v1.10.9 h1:YXG7RB+JIjhP29X+OtkiDnYaXQwpS4JEWq7dtCCRUEw=
github.com/lib/pq v1.10.9/go.mod h1:AlVN5x4E4T544tWzH6hKfbfQvm3HdbOxrmggDNAPY9o=
